// !$*UTF8*$!
{
	archiveVersion = 1;
	classes = {
	};
	objectVersion = 46;
	objects = {

/* Begin PBXBuildFile section */
		BCB07ABAD1043359EF7F9492 /* libPods-Demo.a in Frameworks */ = {isa = PBXBuildFile; fileRef = 9119CA83D63B5124559DB728 /* libPods-Demo.a */; };
		FC4AFE341EB0A89700C26CC7 /* main.m in Sources */ = {isa = PBXBuildFile; fileRef = FC4AFE331EB0A89700C26CC7 /* main.m */; };
		FC4AFE371EB0A89700C26CC7 /* AppDelegate.m in Sources */ = {isa = PBXBuildFile; fileRef = FC4AFE361EB0A89700C26CC7 /* AppDelegate.m */; };
		FC4AFE3A1EB0A89700C26CC7 /* ViewController.m in Sources */ = {isa = PBXBuildFile; fileRef = FC4AFE391EB0A89700C26CC7 /* ViewController.m */; };
		FC4AFE3D1EB0A89700C26CC7 /* Main.storyboard in Resources */ = {isa = PBXBuildFile; fileRef = FC4AFE3B1EB0A89700C26CC7 /* Main.storyboard */; };
		FC4AFE3F1EB0A89700C26CC7 /* Assets.xcassets in Resources */ = {isa = PBXBuildFile; fileRef = FC4AFE3E1EB0A89700C26CC7 /* Assets.xcassets */; };
		FC4AFE421EB0A89700C26CC7 /* LaunchScreen.storyboard in Resources */ = {isa = PBXBuildFile; fileRef = FC4AFE401EB0A89700C26CC7 /* LaunchScreen.storyboard */; };
		FC4AFE4D1EB0A89700C26CC7 /* DemoTests.m in Sources */ = {isa = PBXBuildFile; fileRef = FC4AFE4C1EB0A89700C26CC7 /* DemoTests.m */; };
		FC4AFE581EB0A89700C26CC7 /* DemoUITests.m in Sources */ = {isa = PBXBuildFile; fileRef = FC4AFE571EB0A89700C26CC7 /* DemoUITests.m */; };
		FC7DACE11EC2CED000E16C5D /* JKPharmacListByCategoryRequest.m in Sources */ = {isa = PBXBuildFile; fileRef = FC7DACE01EC2CED000E16C5D /* JKPharmacListByCategoryRequest.m */; };
		FC7DACE41EC2D49600E16C5D /* JKDrugSearchRequest.m in Sources */ = {isa = PBXBuildFile; fileRef = FC7DACE31EC2D49600E16C5D /* JKDrugSearchRequest.m */; };
		FCB890D01EBB2C27007FF46A /* JKBGNetworkConfiguration.m in Sources */ = {isa = PBXBuildFile; fileRef = FCB890CF1EBB2C27007FF46A /* JKBGNetworkConfiguration.m */; };
		FCB8911E1EBC8D27007FF46A /* JKInternetSettingRequst.m in Sources */ = {isa = PBXBuildFile; fileRef = FCB8911D1EBC8D27007FF46A /* JKInternetSettingRequst.m */; };
		FCC028551ECAAA7D00C14FB5 /* BGAFHTTPClient.m in Sources */ = {isa = PBXBuildFile; fileRef = FCC0283F1ECAAA7D00C14FB5 /* BGAFHTTPClient.m */; };
		FCC028561ECAAA7D00C14FB5 /* BGAFRequestSerializer.m in Sources */ = {isa = PBXBuildFile; fileRef = FCC028411ECAAA7D00C14FB5 /* BGAFRequestSerializer.m */; };
		FCC028571ECAAA7D00C14FB5 /* BGAFResponseSerializer.m in Sources */ = {isa = PBXBuildFile; fileRef = FCC028431ECAAA7D00C14FB5 /* BGAFResponseSerializer.m */; };
		FCC028581ECAAA7D00C14FB5 /* BGBatchRequest.m in Sources */ = {isa = PBXBuildFile; fileRef = FCC028451ECAAA7D00C14FB5 /* BGBatchRequest.m */; };
		FCC028591ECAAA7D00C14FB5 /* BGDownloadRequest.m in Sources */ = {isa = PBXBuildFile; fileRef = FCC028471ECAAA7D00C14FB5 /* BGDownloadRequest.m */; };
		FCC0285A1ECAAA7D00C14FB5 /* BGNetworkCache.m in Sources */ = {isa = PBXBuildFile; fileRef = FCC0284A1ECAAA7D00C14FB5 /* BGNetworkCache.m */; };
		FCC0285B1ECAAA7D00C14FB5 /* BGNetworkConfiguration.m in Sources */ = {isa = PBXBuildFile; fileRef = FCC0284C1ECAAA7D00C14FB5 /* BGNetworkConfiguration.m */; };
		FCC0285C1ECAAA7D00C14FB5 /* BGNetworkManager.m in Sources */ = {isa = PBXBuildFile; fileRef = FCC0284E1ECAAA7D00C14FB5 /* BGNetworkManager.m */; };
		FCC0285D1ECAAA7D00C14FB5 /* BGNetworkRequest.m in Sources */ = {isa = PBXBuildFile; fileRef = FCC028501ECAAA7D00C14FB5 /* BGNetworkRequest.m */; };
		FCC0285E1ECAAA7D00C14FB5 /* BGUploadRequest.m in Sources */ = {isa = PBXBuildFile; fileRef = FCC028521ECAAA7D00C14FB5 /* BGUploadRequest.m */; };
		FCC0285F1ECAAA7D00C14FB5 /* BGUtilFunction.m in Sources */ = {isa = PBXBuildFile; fileRef = FCC028541ECAAA7D00C14FB5 /* BGUtilFunction.m */; };
/* End PBXBuildFile section */

/* Begin PBXContainerItemProxy section */
		FC4AFE491EB0A89700C26CC7 /* PBXContainerItemProxy */ = {
			isa = PBXContainerItemProxy;
			containerPortal = FC4AFE271EB0A89700C26CC7 /* Project object */;
			proxyType = 1;
			remoteGlobalIDString = FC4AFE2E1EB0A89700C26CC7;
			remoteInfo = Demo;
		};
		FC4AFE541EB0A89700C26CC7 /* PBXContainerItemProxy */ = {
			isa = PBXContainerItemProxy;
			containerPortal = FC4AFE271EB0A89700C26CC7 /* Project object */;
			proxyType = 1;
			remoteGlobalIDString = FC4AFE2E1EB0A89700C26CC7;
			remoteInfo = Demo;
		};
/* End PBXContainerItemProxy section */

/* Begin PBXFileReference section */
		6A1130ADB3504DFDC9A2F1B7 /* Pods-Demo.release.xcconfig */ = {isa = PBXFileReference; includeInIndex = 1; lastKnownFileType = text.xcconfig; name = "Pods-Demo.release.xcconfig"; path = "Pods/Target Support Files/Pods-Demo/Pods-Demo.release.xcconfig"; sourceTree = "<group>"; };
		8FC54278E3C6DDC59DD23D25 /* Pods-Demo.debug.xcconfig */ = {isa = PBXFileReference; includeInIndex = 1; lastKnownFileType = text.xcconfig; name = "Pods-Demo.debug.xcconfig"; path = "Pods/Target Support Files/Pods-Demo/Pods-Demo.debug.xcconfig"; sourceTree = "<group>"; };
		9119CA83D63B5124559DB728 /* libPods-Demo.a */ = {isa = PBXFileReference; explicitFileType = archive.ar; includeInIndex = 0; path = "libPods-Demo.a"; sourceTree = BUILT_PRODUCTS_DIR; };
		FC4AFE2F1EB0A89700C26CC7 /* Demo.app */ = {isa = PBXFileReference; explicitFileType = wrapper.application; includeInIndex = 0; path = Demo.app; sourceTree = BUILT_PRODUCTS_DIR; };
		FC4AFE331EB0A89700C26CC7 /* main.m */ = {isa = PBXFileReference; lastKnownFileType = sourcecode.c.objc; path = main.m; sourceTree = "<group>"; };
		FC4AFE351EB0A89700C26CC7 /* AppDelegate.h */ = {isa = PBXFileReference; lastKnownFileType = sourcecode.c.h; path = AppDelegate.h; sourceTree = "<group>"; };
		FC4AFE361EB0A89700C26CC7 /* AppDelegate.m */ = {isa = PBXFileReference; lastKnownFileType = sourcecode.c.objc; path = AppDelegate.m; sourceTree = "<group>"; };
		FC4AFE381EB0A89700C26CC7 /* ViewController.h */ = {isa = PBXFileReference; lastKnownFileType = sourcecode.c.h; path = ViewController.h; sourceTree = "<group>"; };
		FC4AFE391EB0A89700C26CC7 /* ViewController.m */ = {isa = PBXFileReference; lastKnownFileType = sourcecode.c.objc; path = ViewController.m; sourceTree = "<group>"; };
		FC4AFE3C1EB0A89700C26CC7 /* Base */ = {isa = PBXFileReference; lastKnownFileType = file.storyboard; name = Base; path = Base.lproj/Main.storyboard; sourceTree = "<group>"; };
		FC4AFE3E1EB0A89700C26CC7 /* Assets.xcassets */ = {isa = PBXFileReference; lastKnownFileType = folder.assetcatalog; path = Assets.xcassets; sourceTree = "<group>"; };
		FC4AFE411EB0A89700C26CC7 /* Base */ = {isa = PBXFileReference; lastKnownFileType = file.storyboard; name = Base; path = Base.lproj/LaunchScreen.storyboard; sourceTree = "<group>"; };
		FC4AFE431EB0A89700C26CC7 /* Info.plist */ = {isa = PBXFileReference; lastKnownFileType = text.plist.xml; path = Info.plist; sourceTree = "<group>"; };
		FC4AFE481EB0A89700C26CC7 /* DemoTests.xctest */ = {isa = PBXFileReference; explicitFileType = wrapper.cfbundle; includeInIndex = 0; path = DemoTests.xctest; sourceTree = BUILT_PRODUCTS_DIR; };
		FC4AFE4C1EB0A89700C26CC7 /* DemoTests.m */ = {isa = PBXFileReference; lastKnownFileType = sourcecode.c.objc; path = DemoTests.m; sourceTree = "<group>"; };
		FC4AFE4E1EB0A89700C26CC7 /* Info.plist */ = {isa = PBXFileReference; lastKnownFileType = text.plist.xml; path = Info.plist; sourceTree = "<group>"; };
		FC4AFE531EB0A89700C26CC7 /* DemoUITests.xctest */ = {isa = PBXFileReference; explicitFileType = wrapper.cfbundle; includeInIndex = 0; path = DemoUITests.xctest; sourceTree = BUILT_PRODUCTS_DIR; };
		FC4AFE571EB0A89700C26CC7 /* DemoUITests.m */ = {isa = PBXFileReference; lastKnownFileType = sourcecode.c.objc; path = DemoUITests.m; sourceTree = "<group>"; };
		FC4AFE591EB0A89700C26CC7 /* Info.plist */ = {isa = PBXFileReference; lastKnownFileType = text.plist.xml; path = Info.plist; sourceTree = "<group>"; };
		FC7DACDF1EC2CED000E16C5D /* JKPharmacListByCategoryRequest.h */ = {isa = PBXFileReference; fileEncoding = 4; lastKnownFileType = sourcecode.c.h; path = JKPharmacListByCategoryRequest.h; sourceTree = "<group>"; };
		FC7DACE01EC2CED000E16C5D /* JKPharmacListByCategoryRequest.m */ = {isa = PBXFileReference; fileEncoding = 4; lastKnownFileType = sourcecode.c.objc; path = JKPharmacListByCategoryRequest.m; sourceTree = "<group>"; };
		FC7DACE21EC2D49600E16C5D /* JKDrugSearchRequest.h */ = {isa = PBXFileReference; fileEncoding = 4; lastKnownFileType = sourcecode.c.h; path = JKDrugSearchRequest.h; sourceTree = "<group>"; };
		FC7DACE31EC2D49600E16C5D /* JKDrugSearchRequest.m */ = {isa = PBXFileReference; fileEncoding = 4; lastKnownFileType = sourcecode.c.objc; path = JKDrugSearchRequest.m; sourceTree = "<group>"; };
		FCB890CE1EBB2C27007FF46A /* JKBGNetworkConfiguration.h */ = {isa = PBXFileReference; fileEncoding = 4; lastKnownFileType = sourcecode.c.h; path = JKBGNetworkConfiguration.h; sourceTree = "<group>"; };
		FCB890CF1EBB2C27007FF46A /* JKBGNetworkConfiguration.m */ = {isa = PBXFileReference; fileEncoding = 4; lastKnownFileType = sourcecode.c.objc; path = JKBGNetworkConfiguration.m; sourceTree = "<group>"; };
		FCB8911C1EBC8D27007FF46A /* JKInternetSettingRequst.h */ = {isa = PBXFileReference; fileEncoding = 4; lastKnownFileType = sourcecode.c.h; path = JKInternetSettingRequst.h; sourceTree = "<group>"; };
		FCB8911D1EBC8D27007FF46A /* JKInternetSettingRequst.m */ = {isa = PBXFileReference; fileEncoding = 4; lastKnownFileType = sourcecode.c.objc; path = JKInternetSettingRequst.m; sourceTree = "<group>"; };
		FCC0283E1ECAAA7D00C14FB5 /* BGAFHTTPClient.h */ = {isa = PBXFileReference; fileEncoding = 4; lastKnownFileType = sourcecode.c.h; path = BGAFHTTPClient.h; sourceTree = "<group>"; };
		FCC0283F1ECAAA7D00C14FB5 /* BGAFHTTPClient.m */ = {isa = PBXFileReference; fileEncoding = 4; lastKnownFileType = sourcecode.c.objc; path = BGAFHTTPClient.m; sourceTree = "<group>"; };
		FCC028401ECAAA7D00C14FB5 /* BGAFRequestSerializer.h */ = {isa = PBXFileReference; fileEncoding = 4; lastKnownFileType = sourcecode.c.h; path = BGAFRequestSerializer.h; sourceTree = "<group>"; };
		FCC028411ECAAA7D00C14FB5 /* BGAFRequestSerializer.m */ = {isa = PBXFileReference; fileEncoding = 4; lastKnownFileType = sourcecode.c.objc; path = BGAFRequestSerializer.m; sourceTree = "<group>"; };
		FCC028421ECAAA7D00C14FB5 /* BGAFResponseSerializer.h */ = {isa = PBXFileReference; fileEncoding = 4; lastKnownFileType = sourcecode.c.h; path = BGAFResponseSerializer.h; sourceTree = "<group>"; };
		FCC028431ECAAA7D00C14FB5 /* BGAFResponseSerializer.m */ = {isa = PBXFileReference; fileEncoding = 4; lastKnownFileType = sourcecode.c.objc; path = BGAFResponseSerializer.m; sourceTree = "<group>"; };
		FCC028441ECAAA7D00C14FB5 /* BGBatchRequest.h */ = {isa = PBXFileReference; fileEncoding = 4; lastKnownFileType = sourcecode.c.h; path = BGBatchRequest.h; sourceTree = "<group>"; };
		FCC028451ECAAA7D00C14FB5 /* BGBatchRequest.m */ = {isa = PBXFileReference; fileEncoding = 4; lastKnownFileType = sourcecode.c.objc; path = BGBatchRequest.m; sourceTree = "<group>"; };
		FCC028461ECAAA7D00C14FB5 /* BGDownloadRequest.h */ = {isa = PBXFileReference; fileEncoding = 4; lastKnownFileType = sourcecode.c.h; path = BGDownloadRequest.h; sourceTree = "<group>"; };
		FCC028471ECAAA7D00C14FB5 /* BGDownloadRequest.m */ = {isa = PBXFileReference; fileEncoding = 4; lastKnownFileType = sourcecode.c.objc; path = BGDownloadRequest.m; sourceTree = "<group>"; };
		FCC028481ECAAA7D00C14FB5 /* BGNetwork.h */ = {isa = PBXFileReference; fileEncoding = 4; lastKnownFileType = sourcecode.c.h; path = BGNetwork.h; sourceTree = "<group>"; };
		FCC028491ECAAA7D00C14FB5 /* BGNetworkCache.h */ = {isa = PBXFileReference; fileEncoding = 4; lastKnownFileType = sourcecode.c.h; path = BGNetworkCache.h; sourceTree = "<group>"; };
		FCC0284A1ECAAA7D00C14FB5 /* BGNetworkCache.m */ = {isa = PBXFileReference; fileEncoding = 4; lastKnownFileType = sourcecode.c.objc; path = BGNetworkCache.m; sourceTree = "<group>"; };
		FCC0284B1ECAAA7D00C14FB5 /* BGNetworkConfiguration.h */ = {isa = PBXFileReference; fileEncoding = 4; lastKnownFileType = sourcecode.c.h; path = BGNetworkConfiguration.h; sourceTree = "<group>"; };
		FCC0284C1ECAAA7D00C14FB5 /* BGNetworkConfiguration.m */ = {isa = PBXFileReference; fileEncoding = 4; lastKnownFileType = sourcecode.c.objc; path = BGNetworkConfiguration.m; sourceTree = "<group>"; };
		FCC0284D1ECAAA7D00C14FB5 /* BGNetworkManager.h */ = {isa = PBXFileReference; fileEncoding = 4; lastKnownFileType = sourcecode.c.h; path = BGNetworkManager.h; sourceTree = "<group>"; };
		FCC0284E1ECAAA7D00C14FB5 /* BGNetworkManager.m */ = {isa = PBXFileReference; fileEncoding = 4; lastKnownFileType = sourcecode.c.objc; path = BGNetworkManager.m; sourceTree = "<group>"; };
		FCC0284F1ECAAA7D00C14FB5 /* BGNetworkRequest.h */ = {isa = PBXFileReference; fileEncoding = 4; lastKnownFileType = sourcecode.c.h; path = BGNetworkRequest.h; sourceTree = "<group>"; };
		FCC028501ECAAA7D00C14FB5 /* BGNetworkRequest.m */ = {isa = PBXFileReference; fileEncoding = 4; lastKnownFileType = sourcecode.c.objc; path = BGNetworkRequest.m; sourceTree = "<group>"; };
		FCC028511ECAAA7D00C14FB5 /* BGUploadRequest.h */ = {isa = PBXFileReference; fileEncoding = 4; lastKnownFileType = sourcecode.c.h; path = BGUploadRequest.h; sourceTree = "<group>"; };
		FCC028521ECAAA7D00C14FB5 /* BGUploadRequest.m */ = {isa = PBXFileReference; fileEncoding = 4; lastKnownFileType = sourcecode.c.objc; path = BGUploadRequest.m; sourceTree = "<group>"; };
		FCC028531ECAAA7D00C14FB5 /* BGUtilFunction.h */ = {isa = PBXFileReference; fileEncoding = 4; lastKnownFileType = sourcecode.c.h; path = BGUtilFunction.h; sourceTree = "<group>"; };
		FCC028541ECAAA7D00C14FB5 /* BGUtilFunction.m */ = {isa = PBXFileReference; fileEncoding = 4; lastKnownFileType = sourcecode.c.objc; path = BGUtilFunction.m; sourceTree = "<group>"; };
/* End PBXFileReference section */

/* Begin PBXFrameworksBuildPhase section */
		FC4AFE2C1EB0A89700C26CC7 /* Frameworks */ = {
			isa = PBXFrameworksBuildPhase;
			buildActionMask = 2147483647;
			files = (
				BCB07ABAD1043359EF7F9492 /* libPods-Demo.a in Frameworks */,
			);
			runOnlyForDeploymentPostprocessing = 0;
		};
		FC4AFE451EB0A89700C26CC7 /* Frameworks */ = {
			isa = PBXFrameworksBuildPhase;
			buildActionMask = 2147483647;
			files = (
			);
			runOnlyForDeploymentPostprocessing = 0;
		};
		FC4AFE501EB0A89700C26CC7 /* Frameworks */ = {
			isa = PBXFrameworksBuildPhase;
			buildActionMask = 2147483647;
			files = (
			);
			runOnlyForDeploymentPostprocessing = 0;
		};
/* End PBXFrameworksBuildPhase section */

/* Begin PBXGroup section */
		662F627A425F2F9A11F78378 /* Pods */ = {
			isa = PBXGroup;
			children = (
				8FC54278E3C6DDC59DD23D25 /* Pods-Demo.debug.xcconfig */,
				6A1130ADB3504DFDC9A2F1B7 /* Pods-Demo.release.xcconfig */,
			);
			name = Pods;
			sourceTree = "<group>";
		};
		EC7FC8D53B03DF89DD78C304 /* Frameworks */ = {
			isa = PBXGroup;
			children = (
				9119CA83D63B5124559DB728 /* libPods-Demo.a */,
			);
			name = Frameworks;
			sourceTree = "<group>";
		};
		FC4AFE261EB0A89700C26CC7 = {
			isa = PBXGroup;
			children = (
				FC4AFE311EB0A89700C26CC7 /* Demo */,
				FC4AFE4B1EB0A89700C26CC7 /* DemoTests */,
				FC4AFE561EB0A89700C26CC7 /* DemoUITests */,
				FC4AFE301EB0A89700C26CC7 /* Products */,
				662F627A425F2F9A11F78378 /* Pods */,
				EC7FC8D53B03DF89DD78C304 /* Frameworks */,
			);
			sourceTree = "<group>";
		};
		FC4AFE301EB0A89700C26CC7 /* Products */ = {
			isa = PBXGroup;
			children = (
				FC4AFE2F1EB0A89700C26CC7 /* Demo.app */,
				FC4AFE481EB0A89700C26CC7 /* DemoTests.xctest */,
				FC4AFE531EB0A89700C26CC7 /* DemoUITests.xctest */,
			);
			name = Products;
			sourceTree = "<group>";
		};
		FC4AFE311EB0A89700C26CC7 /* Demo */ = {
			isa = PBXGroup;
			children = (
				FCC0283D1ECAAA7D00C14FB5 /* JKBaseKit */,
				FC4AFE351EB0A89700C26CC7 /* AppDelegate.h */,
				FC4AFE361EB0A89700C26CC7 /* AppDelegate.m */,
				FCB890CE1EBB2C27007FF46A /* JKBGNetworkConfiguration.h */,
				FCB890CF1EBB2C27007FF46A /* JKBGNetworkConfiguration.m */,
				FCB8911C1EBC8D27007FF46A /* JKInternetSettingRequst.h */,
				FCB8911D1EBC8D27007FF46A /* JKInternetSettingRequst.m */,
				FC7DACDF1EC2CED000E16C5D /* JKPharmacListByCategoryRequest.h */,
				FC7DACE01EC2CED000E16C5D /* JKPharmacListByCategoryRequest.m */,
				FC7DACE21EC2D49600E16C5D /* JKDrugSearchRequest.h */,
				FC7DACE31EC2D49600E16C5D /* JKDrugSearchRequest.m */,
				FC4AFE381EB0A89700C26CC7 /* ViewController.h */,
				FC4AFE391EB0A89700C26CC7 /* ViewController.m */,
				FC4AFE3B1EB0A89700C26CC7 /* Main.storyboard */,
				FC4AFE3E1EB0A89700C26CC7 /* Assets.xcassets */,
				FC4AFE401EB0A89700C26CC7 /* LaunchScreen.storyboard */,
				FC4AFE431EB0A89700C26CC7 /* Info.plist */,
				FC4AFE321EB0A89700C26CC7 /* Supporting Files */,
			);
			path = Demo;
			sourceTree = "<group>";
		};
		FC4AFE321EB0A89700C26CC7 /* Supporting Files */ = {
			isa = PBXGroup;
			children = (
				FC4AFE331EB0A89700C26CC7 /* main.m */,
			);
			name = "Supporting Files";
			sourceTree = "<group>";
		};
		FC4AFE4B1EB0A89700C26CC7 /* DemoTests */ = {
			isa = PBXGroup;
			children = (
				FC4AFE4C1EB0A89700C26CC7 /* DemoTests.m */,
				FC4AFE4E1EB0A89700C26CC7 /* Info.plist */,
			);
			path = DemoTests;
			sourceTree = "<group>";
		};
		FC4AFE561EB0A89700C26CC7 /* DemoUITests */ = {
			isa = PBXGroup;
			children = (
				FC4AFE571EB0A89700C26CC7 /* DemoUITests.m */,
				FC4AFE591EB0A89700C26CC7 /* Info.plist */,
			);
			path = DemoUITests;
			sourceTree = "<group>";
		};
		FCC0283D1ECAAA7D00C14FB5 /* JKBaseKit */ = {
			isa = PBXGroup;
			children = (
				FCC0283E1ECAAA7D00C14FB5 /* BGAFHTTPClient.h */,
				FCC0283F1ECAAA7D00C14FB5 /* BGAFHTTPClient.m */,
				FCC028401ECAAA7D00C14FB5 /* BGAFRequestSerializer.h */,
				FCC028411ECAAA7D00C14FB5 /* BGAFRequestSerializer.m */,
				FCC028421ECAAA7D00C14FB5 /* BGAFResponseSerializer.h */,
				FCC028431ECAAA7D00C14FB5 /* BGAFResponseSerializer.m */,
				FCC028441ECAAA7D00C14FB5 /* BGBatchRequest.h */,
				FCC028451ECAAA7D00C14FB5 /* BGBatchRequest.m */,
				FCC028461ECAAA7D00C14FB5 /* BGDownloadRequest.h */,
				FCC028471ECAAA7D00C14FB5 /* BGDownloadRequest.m */,
				FCC028481ECAAA7D00C14FB5 /* BGNetwork.h */,
				FCC028491ECAAA7D00C14FB5 /* BGNetworkCache.h */,
				FCC0284A1ECAAA7D00C14FB5 /* BGNetworkCache.m */,
				FCC0284B1ECAAA7D00C14FB5 /* BGNetworkConfiguration.h */,
				FCC0284C1ECAAA7D00C14FB5 /* BGNetworkConfiguration.m */,
				FCC0284D1ECAAA7D00C14FB5 /* BGNetworkManager.h */,
				FCC0284E1ECAAA7D00C14FB5 /* BGNetworkManager.m */,
				FCC0284F1ECAAA7D00C14FB5 /* BGNetworkRequest.h */,
				FCC028501ECAAA7D00C14FB5 /* BGNetworkRequest.m */,
				FCC028511ECAAA7D00C14FB5 /* BGUploadRequest.h */,
				FCC028521ECAAA7D00C14FB5 /* BGUploadRequest.m */,
				FCC028531ECAAA7D00C14FB5 /* BGUtilFunction.h */,
				FCC028541ECAAA7D00C14FB5 /* BGUtilFunction.m */,
			);
			path = JKBaseKit;
			sourceTree = "<group>";
		};
/* End PBXGroup section */

/* Begin PBXNativeTarget section */
		FC4AFE2E1EB0A89700C26CC7 /* Demo */ = {
			isa = PBXNativeTarget;
			buildConfigurationList = FC4AFE5C1EB0A89700C26CC7 /* Build configuration list for PBXNativeTarget "Demo" */;
			buildPhases = (
				3632056509E7891CE1E30028 /* [CP] Check Pods Manifest.lock */,
				FC4AFE2B1EB0A89700C26CC7 /* Sources */,
				FC4AFE2C1EB0A89700C26CC7 /* Frameworks */,
				FC4AFE2D1EB0A89700C26CC7 /* Resources */,
				C03D6B74B5A0CC5B1B403E5B /* [CP] Embed Pods Frameworks */,
				50D33D3365708EB90DF9A854 /* [CP] Copy Pods Resources */,
			);
			buildRules = (
			);
			dependencies = (
			);
			name = Demo;
			productName = Demo;
			productReference = FC4AFE2F1EB0A89700C26CC7 /* Demo.app */;
			productType = "com.apple.product-type.application";
		};
		FC4AFE471EB0A89700C26CC7 /* DemoTests */ = {
			isa = PBXNativeTarget;
			buildConfigurationList = FC4AFE5F1EB0A89700C26CC7 /* Build configuration list for PBXNativeTarget "DemoTests" */;
			buildPhases = (
				FC4AFE441EB0A89700C26CC7 /* Sources */,
				FC4AFE451EB0A89700C26CC7 /* Frameworks */,
				FC4AFE461EB0A89700C26CC7 /* Resources */,
			);
			buildRules = (
			);
			dependencies = (
				FC4AFE4A1EB0A89700C26CC7 /* PBXTargetDependency */,
			);
			name = DemoTests;
			productName = DemoTests;
			productReference = FC4AFE481EB0A89700C26CC7 /* DemoTests.xctest */;
			productType = "com.apple.product-type.bundle.unit-test";
		};
		FC4AFE521EB0A89700C26CC7 /* DemoUITests */ = {
			isa = PBXNativeTarget;
			buildConfigurationList = FC4AFE621EB0A89700C26CC7 /* Build configuration list for PBXNativeTarget "DemoUITests" */;
			buildPhases = (
				FC4AFE4F1EB0A89700C26CC7 /* Sources */,
				FC4AFE501EB0A89700C26CC7 /* Frameworks */,
				FC4AFE511EB0A89700C26CC7 /* Resources */,
			);
			buildRules = (
			);
			dependencies = (
				FC4AFE551EB0A89700C26CC7 /* PBXTargetDependency */,
			);
			name = DemoUITests;
			productName = DemoUITests;
			productReference = FC4AFE531EB0A89700C26CC7 /* DemoUITests.xctest */;
			productType = "com.apple.product-type.bundle.ui-testing";
		};
/* End PBXNativeTarget section */

/* Begin PBXProject section */
		FC4AFE271EB0A89700C26CC7 /* Project object */ = {
			isa = PBXProject;
			attributes = {
				LastUpgradeCheck = 0830;
				ORGANIZATIONNAME = "刘伟强";
				TargetAttributes = {
					FC4AFE2E1EB0A89700C26CC7 = {
						CreatedOnToolsVersion = 8.3.1;
						ProvisioningStyle = Automatic;
					};
					FC4AFE471EB0A89700C26CC7 = {
						CreatedOnToolsVersion = 8.3.1;
						ProvisioningStyle = Automatic;
						TestTargetID = FC4AFE2E1EB0A89700C26CC7;
					};
					FC4AFE521EB0A89700C26CC7 = {
						CreatedOnToolsVersion = 8.3.1;
						ProvisioningStyle = Automatic;
						TestTargetID = FC4AFE2E1EB0A89700C26CC7;
					};
				};
			};
			buildConfigurationList = FC4AFE2A1EB0A89700C26CC7 /* Build configuration list for PBXProject "Demo" */;
			compatibilityVersion = "Xcode 3.2";
			developmentRegion = English;
			hasScannedForEncodings = 0;
			knownRegions = (
				en,
				Base,
			);
			mainGroup = FC4AFE261EB0A89700C26CC7;
			productRefGroup = FC4AFE301EB0A89700C26CC7 /* Products */;
			projectDirPath = "";
			projectRoot = "";
			targets = (
				FC4AFE2E1EB0A89700C26CC7 /* Demo */,
				FC4AFE471EB0A89700C26CC7 /* DemoTests */,
				FC4AFE521EB0A89700C26CC7 /* DemoUITests */,
			);
		};
/* End PBXProject section */

/* Begin PBXResourcesBuildPhase section */
		FC4AFE2D1EB0A89700C26CC7 /* Resources */ = {
			isa = PBXResourcesBuildPhase;
			buildActionMask = 2147483647;
			files = (
				FC4AFE421EB0A89700C26CC7 /* LaunchScreen.storyboard in Resources */,
				FC4AFE3F1EB0A89700C26CC7 /* Assets.xcassets in Resources */,
				FC4AFE3D1EB0A89700C26CC7 /* Main.storyboard in Resources */,
			);
			runOnlyForDeploymentPostprocessing = 0;
		};
		FC4AFE461EB0A89700C26CC7 /* Resources */ = {
			isa = PBXResourcesBuildPhase;
			buildActionMask = 2147483647;
			files = (
			);
			runOnlyForDeploymentPostprocessing = 0;
		};
		FC4AFE511EB0A89700C26CC7 /* Resources */ = {
			isa = PBXResourcesBuildPhase;
			buildActionMask = 2147483647;
			files = (
			);
			runOnlyForDeploymentPostprocessing = 0;
		};
/* End PBXResourcesBuildPhase section */

/* Begin PBXShellScriptBuildPhase section */
		3632056509E7891CE1E30028 /* [CP] Check Pods Manifest.lock */ = {
			isa = PBXShellScriptBuildPhase;
			buildActionMask = 2147483647;
			files = (
			);
			inputPaths = (
			);
			name = "[CP] Check Pods Manifest.lock";
			outputPaths = (
			);
			runOnlyForDeploymentPostprocessing = 0;
			shellPath = /bin/sh;
			shellScript = "diff \"${PODS_ROOT}/../Podfile.lock\" \"${PODS_ROOT}/Manifest.lock\" > /dev/null\nif [ $? != 0 ] ; then\n    # print error to STDERR\n    echo \"error: The sandbox is not in sync with the Podfile.lock. Run 'pod install' or update your CocoaPods installation.\" >&2\n    exit 1\nfi\n";
			showEnvVarsInLog = 0;
		};
		50D33D3365708EB90DF9A854 /* [CP] Copy Pods Resources */ = {
			isa = PBXShellScriptBuildPhase;
			buildActionMask = 2147483647;
			files = (
			);
			inputPaths = (
			);
			name = "[CP] Copy Pods Resources";
			outputPaths = (
			);
			runOnlyForDeploymentPostprocessing = 0;
			shellPath = /bin/sh;
			shellScript = "\"${SRCROOT}/Pods/Target Support Files/Pods-Demo/Pods-Demo-resources.sh\"\n";
			showEnvVarsInLog = 0;
		};
		C03D6B74B5A0CC5B1B403E5B /* [CP] Embed Pods Frameworks */ = {
			isa = PBXShellScriptBuildPhase;
			buildActionMask = 2147483647;
			files = (
			);
			inputPaths = (
			);
			name = "[CP] Embed Pods Frameworks";
			outputPaths = (
			);
			runOnlyForDeploymentPostprocessing = 0;
			shellPath = /bin/sh;
			shellScript = "\"${SRCROOT}/Pods/Target Support Files/Pods-Demo/Pods-Demo-frameworks.sh\"\n";
			showEnvVarsInLog = 0;
		};
/* End PBXShellScriptBuildPhase section */

/* Begin PBXSourcesBuildPhase section */
		FC4AFE2B1EB0A89700C26CC7 /* Sources */ = {
			isa = PBXSourcesBuildPhase;
			buildActionMask = 2147483647;
			files = (
				FCC028591ECAAA7D00C14FB5 /* BGDownloadRequest.m in Sources */,
				FC4AFE3A1EB0A89700C26CC7 /* ViewController.m in Sources */,
				FC7DACE11EC2CED000E16C5D /* JKPharmacListByCategoryRequest.m in Sources */,
				FCC0285C1ECAAA7D00C14FB5 /* BGNetworkManager.m in Sources */,
				FCC028571ECAAA7D00C14FB5 /* BGAFResponseSerializer.m in Sources */,
				FCC0285A1ECAAA7D00C14FB5 /* BGNetworkCache.m in Sources */,
				FCC0285F1ECAAA7D00C14FB5 /* BGUtilFunction.m in Sources */,
				FCC028551ECAAA7D00C14FB5 /* BGAFHTTPClient.m in Sources */,
				FCB8911E1EBC8D27007FF46A /* JKInternetSettingRequst.m in Sources */,
				FCC028561ECAAA7D00C14FB5 /* BGAFRequestSerializer.m in Sources */,
				FCC0285D1ECAAA7D00C14FB5 /* BGNetworkRequest.m in Sources */,
				FCC028581ECAAA7D00C14FB5 /* BGBatchRequest.m in Sources */,
				FC4AFE371EB0A89700C26CC7 /* AppDelegate.m in Sources */,
				FCC0285B1ECAAA7D00C14FB5 /* BGNetworkConfiguration.m in Sources */,
				FCB890D01EBB2C27007FF46A /* JKBGNetworkConfiguration.m in Sources */,
				FC7DACE41EC2D49600E16C5D /* JKDrugSearchRequest.m in Sources */,
				FCC0285E1ECAAA7D00C14FB5 /* BGUploadRequest.m in Sources */,
				FC4AFE341EB0A89700C26CC7 /* main.m in Sources */,
			);
			runOnlyForDeploymentPostprocessing = 0;
		};
		FC4AFE441EB0A89700C26CC7 /* Sources */ = {
			isa = PBXSourcesBuildPhase;
			buildActionMask = 2147483647;
			files = (
				FC4AFE4D1EB0A89700C26CC7 /* DemoTests.m in Sources */,
			);
			runOnlyForDeploymentPostprocessing = 0;
		};
		FC4AFE4F1EB0A89700C26CC7 /* Sources */ = {
			isa = PBXSourcesBuildPhase;
			buildActionMask = 2147483647;
			files = (
				FC4AFE581EB0A89700C26CC7 /* DemoUITests.m in Sources */,
			);
			runOnlyForDeploymentPostprocessing = 0;
		};
/* End PBXSourcesBuildPhase section */

/* Begin PBXTargetDependency section */
		FC4AFE4A1EB0A89700C26CC7 /* PBXTargetDependency */ = {
			isa = PBXTargetDependency;
			target = FC4AFE2E1EB0A89700C26CC7 /* Demo */;
			targetProxy = FC4AFE491EB0A89700C26CC7 /* PBXContainerItemProxy */;
		};
		FC4AFE551EB0A89700C26CC7 /* PBXTargetDependency */ = {
			isa = PBXTargetDependency;
			target = FC4AFE2E1EB0A89700C26CC7 /* Demo */;
			targetProxy = FC4AFE541EB0A89700C26CC7 /* PBXContainerItemProxy */;
		};
/* End PBXTargetDependency section */

/* Begin PBXVariantGroup section */
		FC4AFE3B1EB0A89700C26CC7 /* Main.storyboard */ = {
			isa = PBXVariantGroup;
			children = (
				FC4AFE3C1EB0A89700C26CC7 /* Base */,
			);
			name = Main.storyboard;
			sourceTree = "<group>";
		};
		FC4AFE401EB0A89700C26CC7 /* LaunchScreen.storyboard */ = {
			isa = PBXVariantGroup;
			children = (
				FC4AFE411EB0A89700C26CC7 /* Base */,
			);
			name = LaunchScreen.storyboard;
			sourceTree = "<group>";
		};
/* End PBXVariantGroup section */

/* Begin XCBuildConfiguration section */
		FC4AFE5A1EB0A89700C26CC7 /* Debug */ = {
			isa = XCBuildConfiguration;
			buildSettings = {
				ALWAYS_SEARCH_USER_PATHS = NO;
				CLANG_ANALYZER_NONNULL = YES;
				CLANG_ANALYZER_NUMBER_OBJECT_CONVERSION = YES_AGGRESSIVE;
				CLANG_CXX_LANGUAGE_STANDARD = "gnu++0x";
				CLANG_CXX_LIBRARY = "libc++";
				CLANG_ENABLE_MODULES = YES;
				CLANG_ENABLE_OBJC_ARC = YES;
				CLANG_WARN_BOOL_CONVERSION = YES;
				CLANG_WARN_CONSTANT_CONVERSION = YES;
				CLANG_WARN_DIRECT_OBJC_ISA_USAGE = YES_ERROR;
				CLANG_WARN_DOCUMENTATION_COMMENTS = YES;
				CLANG_WARN_EMPTY_BODY = YES;
				CLANG_WARN_ENUM_CONVERSION = YES;
				CLANG_WARN_INFINITE_RECURSION = YES;
				CLANG_WARN_INT_CONVERSION = YES;
				CLANG_WARN_OBJC_ROOT_CLASS = YES_ERROR;
				CLANG_WARN_SUSPICIOUS_MOVE = YES;
				CLANG_WARN_UNREACHABLE_CODE = YES;
				CLANG_WARN__DUPLICATE_METHOD_MATCH = YES;
				"CODE_SIGN_IDENTITY[sdk=iphoneos*]" = "iPhone Developer";
				COPY_PHASE_STRIP = NO;
				DEBUG_INFORMATION_FORMAT = dwarf;
				ENABLE_STRICT_OBJC_MSGSEND = YES;
				ENABLE_TESTABILITY = YES;
				GCC_C_LANGUAGE_STANDARD = gnu99;
				GCC_DYNAMIC_NO_PIC = NO;
				GCC_NO_COMMON_BLOCKS = YES;
				GCC_OPTIMIZATION_LEVEL = 0;
				GCC_PREPROCESSOR_DEFINITIONS = (
					"DEBUG=1",
					"$(inherited)",
				);
				GCC_WARN_64_TO_32_BIT_CONVERSION = YES;
				GCC_WARN_ABOUT_RETURN_TYPE = YES_ERROR;
				GCC_WARN_UNDECLARED_SELECTOR = YES;
				GCC_WARN_UNINITIALIZED_AUTOS = YES_AGGRESSIVE;
				GCC_WARN_UNUSED_FUNCTION = YES;
				GCC_WARN_UNUSED_VARIABLE = YES;
				IPHONEOS_DEPLOYMENT_TARGET = 10.3;
				MTL_ENABLE_DEBUG_INFO = YES;
				ONLY_ACTIVE_ARCH = YES;
				SDKROOT = iphoneos;
				TARGETED_DEVICE_FAMILY = "1,2";
			};
			name = Debug;
		};
		FC4AFE5B1EB0A89700C26CC7 /* Release */ = {
			isa = XCBuildConfiguration;
			buildSettings = {
				ALWAYS_SEARCH_USER_PATHS = NO;
				CLANG_ANALYZER_NONNULL = YES;
				CLANG_ANALYZER_NUMBER_OBJECT_CONVERSION = YES_AGGRESSIVE;
				CLANG_CXX_LANGUAGE_STANDARD = "gnu++0x";
				CLANG_CXX_LIBRARY = "libc++";
				CLANG_ENABLE_MODULES = YES;
				CLANG_ENABLE_OBJC_ARC = YES;
				CLANG_WARN_BOOL_CONVERSION = YES;
				CLANG_WARN_CONSTANT_CONVERSION = YES;
				CLANG_WARN_DIRECT_OBJC_ISA_USAGE = YES_ERROR;
				CLANG_WARN_DOCUMENTATION_COMMENTS = YES;
				CLANG_WARN_EMPTY_BODY = YES;
				CLANG_WARN_ENUM_CONVERSION = YES;
				CLANG_WARN_INFINITE_RECURSION = YES;
				CLANG_WARN_INT_CONVERSION = YES;
				CLANG_WARN_OBJC_ROOT_CLASS = YES_ERROR;
				CLANG_WARN_SUSPICIOUS_MOVE = YES;
				CLANG_WARN_UNREACHABLE_CODE = YES;
				CLANG_WARN__DUPLICATE_METHOD_MATCH = YES;
				"CODE_SIGN_IDENTITY[sdk=iphoneos*]" = "iPhone Developer";
				COPY_PHASE_STRIP = NO;
				DEBUG_INFORMATION_FORMAT = "dwarf-with-dsym";
				ENABLE_NS_ASSERTIONS = NO;
				ENABLE_STRICT_OBJC_MSGSEND = YES;
				GCC_C_LANGUAGE_STANDARD = gnu99;
				GCC_NO_COMMON_BLOCKS = YES;
				GCC_WARN_64_TO_32_BIT_CONVERSION = YES;
				GCC_WARN_ABOUT_RETURN_TYPE = YES_ERROR;
				GCC_WARN_UNDECLARED_SELECTOR = YES;
				GCC_WARN_UNINITIALIZED_AUTOS = YES_AGGRESSIVE;
				GCC_WARN_UNUSED_FUNCTION = YES;
				GCC_WARN_UNUSED_VARIABLE = YES;
				IPHONEOS_DEPLOYMENT_TARGET = 10.3;
				MTL_ENABLE_DEBUG_INFO = NO;
				SDKROOT = iphoneos;
				TARGETED_DEVICE_FAMILY = "1,2";
				VALIDATE_PRODUCT = YES;
			};
			name = Release;
		};
		FC4AFE5D1EB0A89700C26CC7 /* Debug */ = {
			isa = XCBuildConfiguration;
			baseConfigurationReference = 8FC54278E3C6DDC59DD23D25 /* Pods-Demo.debug.xcconfig */;
			buildSettings = {
				ASSETCATALOG_COMPILER_APPICON_NAME = AppIcon;
				INFOPLIST_FILE = Demo/Info.plist;
				LD_RUNPATH_SEARCH_PATHS = "$(inherited) @executable_path/Frameworks";
				PRODUCT_BUNDLE_IDENTIFIER = "com.jianke.-JKBaseKitDemo.Demo";
				PRODUCT_NAME = "$(TARGET_NAME)";
			};
			name = Debug;
		};
		FC4AFE5E1EB0A89700C26CC7 /* Release */ = {
			isa = XCBuildConfiguration;
			baseConfigurationReference = 6A1130ADB3504DFDC9A2F1B7 /* Pods-Demo.release.xcconfig */;
			buildSettings = {
				ASSETCATALOG_COMPILER_APPICON_NAME = AppIcon;
				INFOPLIST_FILE = Demo/Info.plist;
				LD_RUNPATH_SEARCH_PATHS = "$(inherited) @executable_path/Frameworks";
				PRODUCT_BUNDLE_IDENTIFIER = "com.jianke.-JKBaseKitDemo.Demo";
				PRODUCT_NAME = "$(TARGET_NAME)";
			};
			name = Release;
		};
		FC4AFE601EB0A89700C26CC7 /* Debug */ = {
			isa = XCBuildConfiguration;
			buildSettings = {
				BUNDLE_LOADER = "$(TEST_HOST)";
				INFOPLIST_FILE = DemoTests/Info.plist;
				LD_RUNPATH_SEARCH_PATHS = "$(inherited) @executable_path/Frameworks @loader_path/Frameworks";
				PRODUCT_BUNDLE_IDENTIFIER = "com.jianke.-JKBaseKitDemo.DemoTests";
				PRODUCT_NAME = "$(TARGET_NAME)";
				TEST_HOST = "$(BUILT_PRODUCTS_DIR)/Demo.app/Demo";
			};
			name = Debug;
		};
		FC4AFE611EB0A89700C26CC7 /* Release */ = {
			isa = XCBuildConfiguration;
			buildSettings = {
				BUNDLE_LOADER = "$(TEST_HOST)";
				INFOPLIST_FILE = DemoTests/Info.plist;
				LD_RUNPATH_SEARCH_PATHS = "$(inherited) @executable_path/Frameworks @loader_path/Frameworks";
				PRODUCT_BUNDLE_IDENTIFIER = "com.jianke.-JKBaseKitDemo.DemoTests";
				PRODUCT_NAME = "$(TARGET_NAME)";
				TEST_HOST = "$(BUILT_PRODUCTS_DIR)/Demo.app/Demo";
			};
			name = Release;
		};
		FC4AFE631EB0A89700C26CC7 /* Debug */ = {
			isa = XCBuildConfiguration;
			buildSettings = {
				INFOPLIST_FILE = DemoUITests/Info.plist;
				LD_RUNPATH_SEARCH_PATHS = "$(inherited) @executable_path/Frameworks @loader_path/Frameworks";
				PRODUCT_BUNDLE_IDENTIFIER = "com.jianke.-JKBaseKitDemo.DemoUITests";
				PRODUCT_NAME = "$(TARGET_NAME)";
				TEST_TARGET_NAME = Demo;
			};
			name = Debug;
		};
		FC4AFE641EB0A89700C26CC7 /* Release */ = {
			isa = XCBuildConfiguration;
			buildSettings = {
				INFOPLIST_FILE = DemoUITests/Info.plist;
				LD_RUNPATH_SEARCH_PATHS = "$(inherited) @executable_path/Frameworks @loader_path/Frameworks";
				PRODUCT_BUNDLE_IDENTIFIER = "com.jianke.-JKBaseKitDemo.DemoUITests";
				PRODUCT_NAME = "$(TARGET_NAME)";
				TEST_TARGET_NAME = Demo;
			};
			name = Release;
		};
/* End XCBuildConfiguration section */

/* Begin XCConfigurationList section */
		FC4AFE2A1EB0A89700C26CC7 /* Build configuration list for PBXProject "Demo" */ = {
			isa = XCConfigurationList;
			buildConfigurations = (
				FC4AFE5A1EB0A89700C26CC7 /* Debug */,
				FC4AFE5B1EB0A89700C26CC7 /* Release */,
			);
			defaultConfigurationIsVisible = 0;
			defaultConfigurationName = Release;
		};
		FC4AFE5C1EB0A89700C26CC7 /* Build configuration list for PBXNativeTarget "Demo" */ = {
			isa = XCConfigurationList;
			buildConfigurations = (
				FC4AFE5D1EB0A89700C26CC7 /* Debug */,
				FC4AFE5E1EB0A89700C26CC7 /* Release */,
			);
			defaultConfigurationIsVisible = 0;
			defaultConfigurationName = Release;
		};
		FC4AFE5F1EB0A89700C26CC7 /* Build configuration list for PBXNativeTarget "DemoTests" */ = {
			isa = XCConfigurationList;
			buildConfigurations = (
				FC4AFE601EB0A89700C26CC7 /* Debug */,
				FC4AFE611EB0A89700C26CC7 /* Release */,
			);
			defaultConfigurationIsVisible = 0;
			defaultConfigurationName = Release;
		};
		FC4AFE621EB0A89700C26CC7 /* Build configuration list for PBXNativeTarget "DemoUITests" */ = {
			isa = XCConfigurationList;
			buildConfigurations = (
				FC4AFE631EB0A89700C26CC7 /* Debug */,
				FC4AFE641EB0A89700C26CC7 /* Release */,
			);
			defaultConfigurationIsVisible = 0;
			defaultConfigurationName = Release;
		};
/* End XCConfigurationList section */
	};
	rootObject = FC4AFE271EB0A89700C26CC7 /* Project object */;
}
